
Microsoft Visual Studio Solution File, Format Version 12.00
# Visual Studio 15
VisualStudioVersion = 15.0.26730.15
MinimumVisualStudioVersion = 10.0.40219.1
Project("{FAE04EC0-301F-11D3-BF4B-00C04F79EFBC}") = "OrdersNetwork.WalkDogModule", "OrdersNetwork.WalkDogModule\OrdersNetwork.WalkDogModule.csproj", "{3B57B655-3DDB-42C7-8617-D0C79C4BC718}"
EndProject
Project("{FAE04EC0-301F-11D3-BF4B-00C04F79EFBC}") = "OrdersNetwork.Core", "OrdersNetwork.Core\OrdersNetwork.Core.csproj", "{66C7F41C-0740-4D68-96C7-6144F0946E8E}"
EndProject
Project("{FAE04EC0-301F-11D3-BF4B-00C04F79EFBC}") = "OrdersNetwork.Tests", "OrdersNetwork.Tests\OrdersNetwork.Tests.csproj", "{F9A8E73C-FCD7-40B2-9389-4FB8E0C5BD74}"
EndProject
Global
	GlobalSection(SolutionConfigurationPlatforms) = preSolution
		Debug|Any CPU = Debug|Any CPU
		Release|Any CPU = Release|Any CPU
	EndGlobalSection
	GlobalSection(ProjectConfigurationPlatforms) = postSolution
		{3B57B655-3DDB-42C7-8617-D0C79C4BC718}.Debug|Any CPU.ActiveCfg = Debug|Any CPU
		{3B57B655-3DDB-42C7-8617-D0C79C4BC718}.Debug|Any CPU.Build.0 = Debug|Any CPU
		{3B57B655-3DDB-42C7-8617-D0C79C4BC718}.Release|Any CPU.ActiveCfg = Release|Any CPU
		{3B57B655-3DDB-42C7-8617-D0C79C4BC718}.Release|Any CPU.Build.0 = Release|Any CPU
		{66C7F41C-0740-4D68-96C7-6144F0946E8E}.Debug|Any CPU.ActiveCfg = Debug|Any CPU
		{66C7F41C-0740-4D68-96C7-6144F0946E8E}.Debug|Any CPU.Build.0 = Debug|Any CPU
		{66C7F41C-0740-4D68-96C7-6144F0946E8E}.Release|Any CPU.ActiveCfg = Release|Any CPU
		{66C7F41C-0740-4D68-96C7-6144F0946E8E}.Release|Any CPU.Build.0 = Release|Any CPU
		{F9A8E73C-FCD7-40B2-9389-4FB8E0C5BD74}.Debug|Any CPU.ActiveCfg = Debug|Any CPU
		{F9A8E73C-FCD7-40B2-9389-4FB8E0C5BD74}.Debug|Any CPU.Build.0 = Debug|Any CPU
		{F9A8E73C-FCD7-40B2-9389-4FB8E0C5BD74}.Release|Any CPU.ActiveCfg = Release|Any CPU
		{F9A8E73C-FCD7-40B2-9389-4FB8E0C5BD74}.Release|Any CPU.Build.0 = Release|Any CPU
	EndGlobalSection
	GlobalSection(SolutionProperties) = preSolution
		HideSolutionNode = FALSE
	EndGlobalSection
	GlobalSection(ExtensibilityGlobals) = postSolution
		SolutionGuid = {585096EE-920D-450D-AAF3-BC430BB5CF03}
	EndGlobalSection
EndGlobal
